
Microsoft Visual Studio Solution File, Format Version 12.00
# Visual Studio Version 17
VisualStudioVersion = 17.4.33213.308
MinimumVisualStudioVersion = 10.0.40219.1
Project("{FAE04EC0-301F-11D3-BF4B-00C04F79EFBC}") = "Class.Obj", "Class.Obj\Class.Obj.csproj", "{B2120699-8BEC-4488-BE83-53CEA642706E}"
EndProject
Global
	GlobalSection(SolutionConfigurationPlatforms) = preSolution
		Debug|Any CPU = Debug|Any CPU
		Release|Any CPU = Release|Any CPU
	EndGlobalSection
	GlobalSection(ProjectConfigurationPlatforms) = postSolution
		{B2120699-8BEC-4488-BE83-53CEA642706E}.Debug|Any CPU.ActiveCfg = Debug|Any CPU
		{B2120699-8BEC-4488-BE83-53CEA642706E}.Debug|Any CPU.Build.0 = Debug|Any CPU
		{B2120699-8BEC-4488-BE83-53CEA642706E}.Release|Any CPU.ActiveCfg = Release|Any CPU
		{B2120699-8BEC-4488-BE83-53CEA642706E}.Release|Any CPU.Build.0 = Release|Any CPU
	EndGlobalSection
	GlobalSection(SolutionProperties) = preSolution
		HideSolutionNode = FALSE
	EndGlobalSection
	GlobalSection(ExtensibilityGlobals) = postSolution
		SolutionGuid = {A7210EF9-1C1D-47C7-9FA5-05EC03E2DBB8}
	EndGlobalSection
EndGlobal
